
Microsoft Visual Studio Solution File, Format Version 12.00
# Visual Studio Version 17
VisualStudioVersion = 17.9.34728.123
MinimumVisualStudioVersion = 10.0.40219.1
Project("{9A19103F-16F7-4668-BE54-9A1E7A4F7556}") = "BlazingPizza", "BlazingPizza\BlazingPizza.csproj", "{D99D94A0-3A9D-46D0-9B6B-008BD7CEA942}"
EndProject
Project("{9A19103F-16F7-4668-BE54-9A1E7A4F7556}") = "BlazingPizza.Repository", "BlazingPizza.Repository\BlazingPizza.Repository.csproj", "{DC8FCAFB-5B7E-4EA9-9E2E-EDCE1E704E19}"
EndProject
Project("{9A19103F-16F7-4668-BE54-9A1E7A4F7556}") = "BlazingPizza.Shared", "BlazingPizza.Shared\BlazingPizza.Shared.csproj", "{4FFBD3E7-899C-4F0B-ADCD-31EAB7AB9662}"
EndProject
Global
	GlobalSection(SolutionConfigurationPlatforms) = preSolution
		Debug|Any CPU = Debug|Any CPU
		Release|Any CPU = Release|Any CPU
	EndGlobalSection
	GlobalSection(ProjectConfigurationPlatforms) = postSolution
		{D99D94A0-3A9D-46D0-9B6B-008BD7CEA942}.Debug|Any CPU.ActiveCfg = Debug|Any CPU
		{D99D94A0-3A9D-46D0-9B6B-008BD7CEA942}.Debug|Any CPU.Build.0 = Debug|Any CPU
		{D99D94A0-3A9D-46D0-9B6B-008BD7CEA942}.Release|Any CPU.ActiveCfg = Release|Any CPU
		{D99D94A0-3A9D-46D0-9B6B-008BD7CEA942}.Release|Any CPU.Build.0 = Release|Any CPU
		{DC8FCAFB-5B7E-4EA9-9E2E-EDCE1E704E19}.Debug|Any CPU.ActiveCfg = Debug|Any CPU
		{DC8FCAFB-5B7E-4EA9-9E2E-EDCE1E704E19}.Debug|Any CPU.Build.0 = Debug|Any CPU
		{DC8FCAFB-5B7E-4EA9-9E2E-EDCE1E704E19}.Release|Any CPU.ActiveCfg = Release|Any CPU
		{DC8FCAFB-5B7E-4EA9-9E2E-EDCE1E704E19}.Release|Any CPU.Build.0 = Release|Any CPU
		{4FFBD3E7-899C-4F0B-ADCD-31EAB7AB9662}.Debug|Any CPU.ActiveCfg = Debug|Any CPU
		{4FFBD3E7-899C-4F0B-ADCD-31EAB7AB9662}.Debug|Any CPU.Build.0 = Debug|Any CPU
		{4FFBD3E7-899C-4F0B-ADCD-31EAB7AB9662}.Release|Any CPU.ActiveCfg = Release|Any CPU
		{4FFBD3E7-899C-4F0B-ADCD-31EAB7AB9662}.Release|Any CPU.Build.0 = Release|Any CPU
	EndGlobalSection
	GlobalSection(SolutionProperties) = preSolution
		HideSolutionNode = FALSE
	EndGlobalSection
	GlobalSection(ExtensibilityGlobals) = postSolution
		SolutionGuid = {4BC270D2-E248-4BEA-B5D4-166C3F93FF99}
	EndGlobalSection
EndGlobal
